{
  "name": "routers",
  "lockfileVersion": 2,
  "requires": true,
  "packages": {
    "": {
      "devDependencies": {
        "@types/react-native-htmlview": "^0.12.3"
      }
    },
    "node_modules/@types/prop-types": {
      "version": "15.7.4",
      "resolved": "https://registry.nlark.com/@types/prop-types/download/@types/prop-types-15.7.4.tgz",
      "integrity": "sha1-/PcgXCXf95Xuea8eMNosl5CAjxE=",
      "dev": true
    },
    "node_modules/@types/react": {
      "version": "17.0.14",
      "resolved": "https://registry.nlark.com/@types/react/download/@types/react-17.0.14.tgz?cache=0&sync_timestamp=1625682865223&other_urls=https%3A%2F%2Fregistry.nlark.com%2F%40types%2Freact%2Fdownload%2F%40types%2Freact-17.0.14.tgz",
      "integrity": "sha1-8GKXYcoClFxOj+qZuBd/TFxh+w8=",
      "dev": true,
      "dependencies": {
        "@types/prop-types": "*",
        "@types/scheduler": "*",
        "csstype": "^3.0.2"
      }
    },
    "node_modules/@types/react-native": {
      "version": "0.64.12",
      "resolved": "https://registry.nlark.com/@types/react-native/download/@types/react-native-0.64.12.tgz",
      "integrity": "sha1-HGoyJsJtellJzfiHjmz+lf4JUdY=",
      "dev": true,
      "dependencies": {
        "@types/react": "*"
      }
    },
    "node_modules/@types/react-native-htmlview": {
      "version": "0.12.3",
      "resolved": "https://registry.npmjs.org/@types/react-native-htmlview/-/react-native-htmlview-0.12.3.tgz",
      "integrity": "sha512-ok7X6KnMlEwMKkTCOdLpI2IS0l0EAV7OE1xU00fCK1SS/vcP6XOOyHGhDAWEVNC0z6hHTXa7XDFemTGgN1+71A==",
      "dev": true,
      "dependencies": {
        "@types/react": "*",
        "@types/react-native": "*"
      }
    },
    "node_modules/@types/scheduler": {
      "version": "0.16.2",
      "resolved": "https://registry.nlark.com/@types/scheduler/download/@types/scheduler-0.16.2.tgz?cache=0&sync_timestamp=1625590236866&other_urls=https%3A%2F%2Fregistry.nlark.com%2F%40types%2Fscheduler%2Fdownload%2F%40types%2Fscheduler-0.16.2.tgz",
      "integrity": "sha1-GmL4lSVyPd4kuhsBsJK/XfitTTk=",
      "dev": true
    },
    "node_modules/csstype": {
      "version": "3.0.8",
      "resolved": "https://registry.nlark.com/csstype/download/csstype-3.0.8.tgz?cache=0&sync_timestamp=1618818466657&other_urls=https%3A%2F%2Fregistry.nlark.com%2Fcsstype%2Fdownload%2Fcsstype-3.0.8.tgz",
      "integrity": "sha1-0iZqeScp+yJ80hb7Vy9Dco4a00A=",
      "dev": true
    }
  },
  "dependencies": {
    "@types/prop-types": {
      "version": "15.7.4",
      "resolved": "https://registry.nlark.com/@types/prop-types/download/@types/prop-types-15.7.4.tgz",
      "integrity": "sha1-/PcgXCXf95Xuea8eMNosl5CAjxE=",
      "dev": true
    },
    "@types/react": {
      "version": "17.0.14",
      "resolved": "https://registry.nlark.com/@types/react/download/@types/react-17.0.14.tgz?cache=0&sync_timestamp=1625682865223&other_urls=https%3A%2F%2Fregistry.nlark.com%2F%40types%2Freact%2Fdownload%2F%40types%2Freact-17.0.14.tgz",
      "integrity": "sha1-8GKXYcoClFxOj+qZuBd/TFxh+w8=",
      "dev": true,
      "requires": {
        "@types/prop-types": "*",
        "@types/scheduler": "*",
        "csstype": "^3.0.2"
      }
    },
    "@types/react-native": {
      "version": "0.64.12",
      "resolved": "https://registry.nlark.com/@types/react-native/download/@types/react-native-0.64.12.tgz",
      "integrity": "sha1-HGoyJsJtellJzfiHjmz+lf4JUdY=",
      "dev": true,
      "requires": {
        "@types/react": "*"
      }
    },
    "@types/react-native-htmlview": {
      "version": "0.12.3",
      "resolved": "https://registry.npmjs.org/@types/react-native-htmlview/-/react-native-htmlview-0.12.3.tgz",
      "integrity": "sha512-ok7X6KnMlEwMKkTCOdLpI2IS0l0EAV7OE1xU00fCK1SS/vcP6XOOyHGhDAWEVNC0z6hHTXa7XDFemTGgN1+71A==",
      "dev": true,
      "requires": {
        "@types/react": "*",
        "@types/react-native": "*"
      }
    },
    "@types/scheduler": {
      "version": "0.16.2",
      "resolved": "https://registry.nlark.com/@types/scheduler/download/@types/scheduler-0.16.2.tgz?cache=0&sync_timestamp=1625590236866&other_urls=https%3A%2F%2Fregistry.nlark.com%2F%40types%2Fscheduler%2Fdownload%2F%40types%2Fscheduler-0.16.2.tgz",
      "integrity": "sha1-GmL4lSVyPd4kuhsBsJK/XfitTTk=",
      "dev": true
    },
    "csstype": {
      "version": "3.0.8",
      "resolved": "https://registry.nlark.com/csstype/download/csstype-3.0.8.tgz?cache=0&sync_timestamp=1618818466657&other_urls=https%3A%2F%2Fregistry.nlark.com%2Fcsstype%2Fdownload%2Fcsstype-3.0.8.tgz",
      "integrity": "sha1-0iZqeScp+yJ80hb7Vy9Dco4a00A=",
      "dev": true
    }
  }
}
